
Microsoft Visual Studio Solution File, Format Version 12.00
# Visual Studio Version 16
VisualStudioVersion = 16.0.32428.217
MinimumVisualStudioVersion = 10.0.40219.1
Project("{FAE04EC0-301F-11D3-BF4B-00C04F79EFBC}") = "FaceRecognizationSystem", "WindowsFormsApp1\FaceRecognizationSystem.csproj", "{0FF3C66D-F28B-4142-AB9D-648B20F09445}"
EndProject
Global
	GlobalSection(SolutionConfigurationPlatforms) = preSolution
		Debug|Any CPU = Debug|Any CPU
		Release|Any CPU = Release|Any CPU
	EndGlobalSection
	GlobalSection(ProjectConfigurationPlatforms) = postSolution
		{0FF3C66D-F28B-4142-AB9D-648B20F09445}.Debug|Any CPU.ActiveCfg = Debug|Any CPU
		{0FF3C66D-F28B-4142-AB9D-648B20F09445}.Debug|Any CPU.Build.0 = Debug|Any CPU
		{0FF3C66D-F28B-4142-AB9D-648B20F09445}.Release|Any CPU.ActiveCfg = Release|Any CPU
		{0FF3C66D-F28B-4142-AB9D-648B20F09445}.Release|Any CPU.Build.0 = Release|Any CPU
	EndGlobalSection
	GlobalSection(SolutionProperties) = preSolution
		HideSolutionNode = FALSE
	EndGlobalSection
	GlobalSection(ExtensibilityGlobals) = postSolution
		SolutionGuid = {1551A34D-5472-4BC7-9A93-72C654480040}
	EndGlobalSection
EndGlobal
